// !$*UTF8*$!
{
	archiveVersion = 1;
	classes = {
	};
	objectVersion = 45;
	objects = {

/* Begin PBXBuildFile section */
		EF1640BC1266AE5D00EF887D /* LPServiceClient.m in Sources */ = {isa = PBXBuildFile; fileRef = EF7AC16E12368C2600A24F7B /* LPServiceClient.m */; };
		EF1640BD1266AE5D00EF887D /* LPServiceRequest.m in Sources */ = {isa = PBXBuildFile; fileRef = EF7AC17012368C2600A24F7B /* LPServiceRequest.m */; };
		EF1640BE1266AE5D00EF887D /* ORComment.m in Sources */ = {isa = PBXBuildFile; fileRef = EF7AC17712368C4A00A24F7B /* ORComment.m */; };
		EF1640BF1266AE5D00EF887D /* ORConstants.m in Sources */ = {isa = PBXBuildFile; fileRef = EF7AC17912368C4A00A24F7B /* ORConstants.m */; };
		EF1640C01266AE5D00EF887D /* ORRadar.m in Sources */ = {isa = PBXBuildFile; fileRef = EF7AC17B12368C4A00A24F7B /* ORRadar.m */; };
		EF1640C11266AE5D00EF887D /* ORServiceClient.m in Sources */ = {isa = PBXBuildFile; fileRef = EF7AC17D12368C4A00A24F7B /* ORServiceClient.m */; };
		EF1640C21266AE5D00EF887D /* ORServiceError.m in Sources */ = {isa = PBXBuildFile; fileRef = EF7AC17F12368C4A00A24F7B /* ORServiceError.m */; };
		EF1640C31266AE5D00EF887D /* ORServiceRequest.m in Sources */ = {isa = PBXBuildFile; fileRef = EF7AC18112368C4A00A24F7B /* ORServiceRequest.m */; };
		EF1640C41266AE5D00EF887D /* NSObject+SBJSON.m in Sources */ = {isa = PBXBuildFile; fileRef = EF864A221236E67A00BADF42 /* NSObject+SBJSON.m */; };
		EF1640C51266AE5D00EF887D /* NSString+SBJSON.m in Sources */ = {isa = PBXBuildFile; fileRef = EF864A241236E67A00BADF42 /* NSString+SBJSON.m */; };
		EF1640C61266AE5D00EF887D /* SBJsonBase.m in Sources */ = {isa = PBXBuildFile; fileRef = EF864A261236E67A00BADF42 /* SBJsonBase.m */; };
		EF1640C71266AE5D00EF887D /* SBJsonParser.m in Sources */ = {isa = PBXBuildFile; fileRef = EF864A281236E67A00BADF42 /* SBJsonParser.m */; };
		EF1640C81266AE5D00EF887D /* SBJsonWriter.m in Sources */ = {isa = PBXBuildFile; fileRef = EF864A2A1236E67A00BADF42 /* SBJsonWriter.m */; };
		EF1640CA1266AE6F00EF887D /* LPServiceClient.h in Headers */ = {isa = PBXBuildFile; fileRef = EF7AC16D12368C2600A24F7B /* LPServiceClient.h */; settings = {ATTRIBUTES = (Public, ); }; };
		EF1640CB1266AE6F00EF887D /* LPServiceRequest.h in Headers */ = {isa = PBXBuildFile; fileRef = EF7AC16F12368C2600A24F7B /* LPServiceRequest.h */; };
		EF1640CC1266AE6F00EF887D /* OpenRadar.h in Headers */ = {isa = PBXBuildFile; fileRef = EF7AC17512368C4A00A24F7B /* OpenRadar.h */; settings = {ATTRIBUTES = (Public, ); }; };
		EF1640CD1266AE6F00EF887D /* ORComment.h in Headers */ = {isa = PBXBuildFile; fileRef = EF7AC17612368C4A00A24F7B /* ORComment.h */; settings = {ATTRIBUTES = (Public, ); }; };
		EF1640CE1266AE6F00EF887D /* ORConstants.h in Headers */ = {isa = PBXBuildFile; fileRef = EF7AC17812368C4A00A24F7B /* ORConstants.h */; };
		EF1640CF1266AE6F00EF887D /* ORRadar.h in Headers */ = {isa = PBXBuildFile; fileRef = EF7AC17A12368C4A00A24F7B /* ORRadar.h */; settings = {ATTRIBUTES = (Public, ); }; };
		EF1640D01266AE6F00EF887D /* ORServiceClient.h in Headers */ = {isa = PBXBuildFile; fileRef = EF7AC17C12368C4A00A24F7B /* ORServiceClient.h */; settings = {ATTRIBUTES = (Public, ); }; };
		EF1640D11266AE6F00EF887D /* ORServiceError.h in Headers */ = {isa = PBXBuildFile; fileRef = EF7AC17E12368C4A00A24F7B /* ORServiceError.h */; settings = {ATTRIBUTES = (Public, ); }; };
		EF1640D21266AE6F00EF887D /* ORServiceRequest.h in Headers */ = {isa = PBXBuildFile; fileRef = EF7AC18012368C4A00A24F7B /* ORServiceRequest.h */; };
		EF1640D31266AE6F00EF887D /* JSON.h in Headers */ = {isa = PBXBuildFile; fileRef = EF864A201236E67A00BADF42 /* JSON.h */; };
		EF1640D41266AE6F00EF887D /* NSObject+SBJSON.h in Headers */ = {isa = PBXBuildFile; fileRef = EF864A211236E67A00BADF42 /* NSObject+SBJSON.h */; };
		EF1640D51266AE6F00EF887D /* NSString+SBJSON.h in Headers */ = {isa = PBXBuildFile; fileRef = EF864A231236E67A00BADF42 /* NSString+SBJSON.h */; };
		EF1640D61266AE6F00EF887D /* SBJsonBase.h in Headers */ = {isa = PBXBuildFile; fileRef = EF864A251236E67A00BADF42 /* SBJsonBase.h */; };
		EF1640D71266AE6F00EF887D /* SBJsonParser.h in Headers */ = {isa = PBXBuildFile; fileRef = EF864A271236E67A00BADF42 /* SBJsonParser.h */; };
		EF1640D81266AE6F00EF887D /* SBJsonWriter.h in Headers */ = {isa = PBXBuildFile; fileRef = EF864A291236E67A00BADF42 /* SBJsonWriter.h */; };
		EF4A58E012FCFD1200074072 /* GHUnit.framework in Copy Frameworks */ = {isa = PBXBuildFile; fileRef = EF4A58C812FCFAE300074072 /* GHUnit.framework */; };
		EF4A58E112FCFD1900074072 /* GHUnit.framework in Frameworks */ = {isa = PBXBuildFile; fileRef = EF4A58C812FCFAE300074072 /* GHUnit.framework */; };
		EF4A58E912FCFEBD00074072 /* GHUnitTestMain.m in Sources */ = {isa = PBXBuildFile; fileRef = EF4A58E812FCFEBD00074072 /* GHUnitTestMain.m */; };
		EF4A58EB12FCFEF000074072 /* ORServiceClientTestCase.m in Sources */ = {isa = PBXBuildFile; fileRef = EF7AC1A012368D9A00A24F7B /* ORServiceClientTestCase.m */; };
		EF4A58FC12FCFF5C00074072 /* OpenRadar.framework in Copy Frameworks */ = {isa = PBXBuildFile; fileRef = 8DC2EF5B0486A6940098B216 /* OpenRadar.framework */; };
		EF4A590212FCFF7C00074072 /* OpenRadar.framework in Frameworks */ = {isa = PBXBuildFile; fileRef = 8DC2EF5B0486A6940098B216 /* OpenRadar.framework */; };
		EF51600C118E788300BBBF7A /* Foundation.framework in Frameworks */ = {isa = PBXBuildFile; fileRef = EF51600B118E788300BBBF7A /* Foundation.framework */; };
		EF7AC16712368BB000A24F7B /* InfoPlist.strings in Resources */ = {isa = PBXBuildFile; fileRef = EF7AC16112368BB000A24F7B /* InfoPlist.strings */; };
		EF7AC16812368BB000A24F7B /* Localizable.strings in Resources */ = {isa = PBXBuildFile; fileRef = EF7AC16312368BB000A24F7B /* Localizable.strings */; };
		EF7AC17112368C2600A24F7B /* LPServiceClient.h in Headers */ = {isa = PBXBuildFile; fileRef = EF7AC16D12368C2600A24F7B /* LPServiceClient.h */; settings = {ATTRIBUTES = (Public, ); }; };
		EF7AC17212368C2600A24F7B /* LPServiceClient.m in Sources */ = {isa = PBXBuildFile; fileRef = EF7AC16E12368C2600A24F7B /* LPServiceClient.m */; };
		EF7AC17312368C2600A24F7B /* LPServiceRequest.h in Headers */ = {isa = PBXBuildFile; fileRef = EF7AC16F12368C2600A24F7B /* LPServiceRequest.h */; };
		EF7AC17412368C2600A24F7B /* LPServiceRequest.m in Sources */ = {isa = PBXBuildFile; fileRef = EF7AC17012368C2600A24F7B /* LPServiceRequest.m */; };
		EF7AC18212368C4A00A24F7B /* OpenRadar.h in Headers */ = {isa = PBXBuildFile; fileRef = EF7AC17512368C4A00A24F7B /* OpenRadar.h */; settings = {ATTRIBUTES = (Public, ); }; };
		EF7AC18312368C4A00A24F7B /* ORComment.h in Headers */ = {isa = PBXBuildFile; fileRef = EF7AC17612368C4A00A24F7B /* ORComment.h */; settings = {ATTRIBUTES = (Public, ); }; };
		EF7AC18412368C4A00A24F7B /* ORComment.m in Sources */ = {isa = PBXBuildFile; fileRef = EF7AC17712368C4A00A24F7B /* ORComment.m */; };
		EF7AC18512368C4A00A24F7B /* ORConstants.h in Headers */ = {isa = PBXBuildFile; fileRef = EF7AC17812368C4A00A24F7B /* ORConstants.h */; };
		EF7AC18612368C4A00A24F7B /* ORConstants.m in Sources */ = {isa = PBXBuildFile; fileRef = EF7AC17912368C4A00A24F7B /* ORConstants.m */; };
		EF7AC18712368C4A00A24F7B /* ORRadar.h in Headers */ = {isa = PBXBuildFile; fileRef = EF7AC17A12368C4A00A24F7B /* ORRadar.h */; settings = {ATTRIBUTES = (Public, ); }; };
		EF7AC18812368C4A00A24F7B /* ORRadar.m in Sources */ = {isa = PBXBuildFile; fileRef = EF7AC17B12368C4A00A24F7B /* ORRadar.m */; };
		EF7AC18912368C4A00A24F7B /* ORServiceClient.h in Headers */ = {isa = PBXBuildFile; fileRef = EF7AC17C12368C4A00A24F7B /* ORServiceClient.h */; settings = {ATTRIBUTES = (Public, ); }; };
		EF7AC18A12368C4A00A24F7B /* ORServiceClient.m in Sources */ = {isa = PBXBuildFile; fileRef = EF7AC17D12368C4A00A24F7B /* ORServiceClient.m */; };
		EF7AC18B12368C4A00A24F7B /* ORServiceError.h in Headers */ = {isa = PBXBuildFile; fileRef = EF7AC17E12368C4A00A24F7B /* ORServiceError.h */; settings = {ATTRIBUTES = (Public, ); }; };
		EF7AC18C12368C4A00A24F7B /* ORServiceError.m in Sources */ = {isa = PBXBuildFile; fileRef = EF7AC17F12368C4A00A24F7B /* ORServiceError.m */; };
		EF7AC18D12368C4A00A24F7B /* ORServiceRequest.h in Headers */ = {isa = PBXBuildFile; fileRef = EF7AC18012368C4A00A24F7B /* ORServiceRequest.h */; };
		EF7AC18E12368C4A00A24F7B /* ORServiceRequest.m in Sources */ = {isa = PBXBuildFile; fileRef = EF7AC18112368C4A00A24F7B /* ORServiceRequest.m */; };
		EF864A2B1236E67A00BADF42 /* JSON.h in Headers */ = {isa = PBXBuildFile; fileRef = EF864A201236E67A00BADF42 /* JSON.h */; };
		EF864A2C1236E67A00BADF42 /* NSObject+SBJSON.h in Headers */ = {isa = PBXBuildFile; fileRef = EF864A211236E67A00BADF42 /* NSObject+SBJSON.h */; };
		EF864A2D1236E67A00BADF42 /* NSObject+SBJSON.m in Sources */ = {isa = PBXBuildFile; fileRef = EF864A221236E67A00BADF42 /* NSObject+SBJSON.m */; };
		EF864A2E1236E67A00BADF42 /* NSString+SBJSON.h in Headers */ = {isa = PBXBuildFile; fileRef = EF864A231236E67A00BADF42 /* NSString+SBJSON.h */; };
		EF864A2F1236E67A00BADF42 /* NSString+SBJSON.m in Sources */ = {isa = PBXBuildFile; fileRef = EF864A241236E67A00BADF42 /* NSString+SBJSON.m */; };
		EF864A301236E67A00BADF42 /* SBJsonBase.h in Headers */ = {isa = PBXBuildFile; fileRef = EF864A251236E67A00BADF42 /* SBJsonBase.h */; };
		EF864A311236E67A00BADF42 /* SBJsonBase.m in Sources */ = {isa = PBXBuildFile; fileRef = EF864A261236E67A00BADF42 /* SBJsonBase.m */; };
		EF864A321236E67A00BADF42 /* SBJsonParser.h in Headers */ = {isa = PBXBuildFile; fileRef = EF864A271236E67A00BADF42 /* SBJsonParser.h */; };
		EF864A331236E67A00BADF42 /* SBJsonParser.m in Sources */ = {isa = PBXBuildFile; fileRef = EF864A281236E67A00BADF42 /* SBJsonParser.m */; };
		EF864A341236E67A00BADF42 /* SBJsonWriter.h in Headers */ = {isa = PBXBuildFile; fileRef = EF864A291236E67A00BADF42 /* SBJsonWriter.h */; };
		EF864A351236E67A00BADF42 /* SBJsonWriter.m in Sources */ = {isa = PBXBuildFile; fileRef = EF864A2A1236E67A00BADF42 /* SBJsonWriter.m */; };
/* End PBXBuildFile section */

/* Begin PBXContainerItemProxy section */
		EF4A58C712FCFAE300074072 /* PBXContainerItemProxy */ = {
			isa = PBXContainerItemProxy;
			containerPortal = EF4A58BE12FCFAE300074072 /* GHUnit.xcodeproj */;
			proxyType = 2;
			remoteGlobalIDString = 8DC2EF5B0486A6940098B216 /* GHUnit.framework */;
			remoteInfo = GHUnit;
		};
		EF4A58C912FCFAE300074072 /* PBXContainerItemProxy */ = {
			isa = PBXContainerItemProxy;
			containerPortal = EF4A58BE12FCFAE300074072 /* GHUnit.xcodeproj */;
			proxyType = 2;
			remoteGlobalIDString = 002E73B60F2C213700427636 /* Tests.app */;
			remoteInfo = Tests;
		};
		EF4A58DC12FCFCB900074072 /* PBXContainerItemProxy */ = {
			isa = PBXContainerItemProxy;
			containerPortal = EF4A58BE12FCFAE300074072 /* GHUnit.xcodeproj */;
			proxyType = 1;
			remoteGlobalIDString = 8DC2EF4F0486A6940098B216 /* GHUnit */;
			remoteInfo = GHUnit;
		};
		EF4A58FF12FCFF7000074072 /* PBXContainerItemProxy */ = {
			isa = PBXContainerItemProxy;
			containerPortal = 0867D690FE84028FC02AAC07 /* Project object */;
			proxyType = 1;
			remoteGlobalIDString = 8DC2EF4F0486A6940098B216 /* OpenRadar */;
			remoteInfo = OpenRadar;
		};
/* End PBXContainerItemProxy section */

/* Begin PBXCopyFilesBuildPhase section */
		EF4A58E412FCFD2200074072 /* Copy Frameworks */ = {
			isa = PBXCopyFilesBuildPhase;
			buildActionMask = 2147483647;
			dstPath = "";
			dstSubfolderSpec = 10;
			files = (
				EF4A58E012FCFD1200074072 /* GHUnit.framework in Copy Frameworks */,
				EF4A58FC12FCFF5C00074072 /* OpenRadar.framework in Copy Frameworks */,
			);
			name = "Copy Frameworks";
			runOnlyForDeploymentPostprocessing = 0;
		};
/* End PBXCopyFilesBuildPhase section */

/* Begin PBXFileReference section */
		8DC2EF5B0486A6940098B216 /* OpenRadar.framework */ = {isa = PBXFileReference; explicitFileType = wrapper.framework; includeInIndex = 0; path = OpenRadar.framework; sourceTree = BUILT_PRODUCTS_DIR; };
		EF1640B91266ADF900EF887D /* libopenradar.a */ = {isa = PBXFileReference; explicitFileType = archive.ar; includeInIndex = 0; path = libopenradar.a; sourceTree = BUILT_PRODUCTS_DIR; };
		EF4A58BE12FCFAE300074072 /* GHUnit.xcodeproj */ = {isa = PBXFileReference; lastKnownFileType = "wrapper.pb-project"; name = GHUnit.xcodeproj; path = "External/Projects/gh-unit/Project/GHUnit.xcodeproj"; sourceTree = "<group>"; };
		EF4A58D612FCFCA600074072 /* OpenRadarGHUnitTests.app */ = {isa = PBXFileReference; explicitFileType = wrapper.application; includeInIndex = 0; path = OpenRadarGHUnitTests.app; sourceTree = BUILT_PRODUCTS_DIR; };
		EF4A58D812FCFCA600074072 /* OpenRadarGHUnitTests-Info.plist */ = {isa = PBXFileReference; lastKnownFileType = text.plist.xml; path = "OpenRadarGHUnitTests-Info.plist"; sourceTree = "<group>"; };
		EF4A58E812FCFEBD00074072 /* GHUnitTestMain.m */ = {isa = PBXFileReference; fileEncoding = 4; lastKnownFileType = sourcecode.c.objc; name = GHUnitTestMain.m; path = "External/Projects/gh-unit/Classes-MacOSX/GHUnitTestMain.m"; sourceTree = SOURCE_ROOT; };
		EF515DA1118E34A100BBBF7A /* Common.xcconfig */ = {isa = PBXFileReference; fileEncoding = 4; lastKnownFileType = text.xcconfig; path = Common.xcconfig; sourceTree = "<group>"; };
		EF515DA2118E34A100BBBF7A /* Debug.xcconfig */ = {isa = PBXFileReference; fileEncoding = 4; lastKnownFileType = text.xcconfig; path = Debug.xcconfig; sourceTree = "<group>"; };
		EF515DA3118E34A100BBBF7A /* Release.xcconfig */ = {isa = PBXFileReference; fileEncoding = 4; lastKnownFileType = text.xcconfig; path = Release.xcconfig; sourceTree = "<group>"; };
		EF51600B118E788300BBBF7A /* Foundation.framework */ = {isa = PBXFileReference; lastKnownFileType = wrapper.framework; name = Foundation.framework; path = System/Library/Frameworks/Foundation.framework; sourceTree = SDKROOT; };
		EF7AC16212368BB000A24F7B /* English */ = {isa = PBXFileReference; fileEncoding = 4; lastKnownFileType = text.plist.strings; name = English; path = InfoPlist.strings; sourceTree = "<group>"; };
		EF7AC16412368BB000A24F7B /* English */ = {isa = PBXFileReference; fileEncoding = 4; lastKnownFileType = text.plist.strings; name = English; path = Localizable.strings; sourceTree = "<group>"; };
		EF7AC16512368BB000A24F7B /* Info.plist */ = {isa = PBXFileReference; fileEncoding = 4; lastKnownFileType = text.plist.xml; name = Info.plist; path = Resources/Info.plist; sourceTree = "<group>"; };
		EF7AC16B12368BEB00A24F7B /* OpenRadar_Prefix.pch */ = {isa = PBXFileReference; fileEncoding = 4; lastKnownFileType = sourcecode.c.h; name = OpenRadar_Prefix.pch; path = Source/OpenRadar_Prefix.pch; sourceTree = "<group>"; };
		EF7AC16D12368C2600A24F7B /* LPServiceClient.h */ = {isa = PBXFileReference; fileEncoding = 4; lastKnownFileType = sourcecode.c.h; name = LPServiceClient.h; path = Source/LPServiceClient.h; sourceTree = "<group>"; };
		EF7AC16E12368C2600A24F7B /* LPServiceClient.m */ = {isa = PBXFileReference; fileEncoding = 4; lastKnownFileType = sourcecode.c.objc; name = LPServiceClient.m; path = Source/LPServiceClient.m; sourceTree = "<group>"; };
		EF7AC16F12368C2600A24F7B /* LPServiceRequest.h */ = {isa = PBXFileReference; fileEncoding = 4; lastKnownFileType = sourcecode.c.h; name = LPServiceRequest.h; path = Source/LPServiceRequest.h; sourceTree = "<group>"; };
		EF7AC17012368C2600A24F7B /* LPServiceRequest.m */ = {isa = PBXFileReference; fileEncoding = 4; lastKnownFileType = sourcecode.c.objc; name = LPServiceRequest.m; path = Source/LPServiceRequest.m; sourceTree = "<group>"; };
		EF7AC17512368C4A00A24F7B /* OpenRadar.h */ = {isa = PBXFileReference; fileEncoding = 4; lastKnownFileType = sourcecode.c.h; name = OpenRadar.h; path = Source/OpenRadar.h; sourceTree = "<group>"; };
		EF7AC17612368C4A00A24F7B /* ORComment.h */ = {isa = PBXFileReference; fileEncoding = 4; lastKnownFileType = sourcecode.c.h; name = ORComment.h; path = Source/ORComment.h; sourceTree = "<group>"; };
		EF7AC17712368C4A00A24F7B /* ORComment.m */ = {isa = PBXFileReference; fileEncoding = 4; lastKnownFileType = sourcecode.c.objc; name = ORComment.m; path = Source/ORComment.m; sourceTree = "<group>"; };
		EF7AC17812368C4A00A24F7B /* ORConstants.h */ = {isa = PBXFileReference; fileEncoding = 4; lastKnownFileType = sourcecode.c.h; name = ORConstants.h; path = Source/ORConstants.h; sourceTree = "<group>"; };
		EF7AC17912368C4A00A24F7B /* ORConstants.m */ = {isa = PBXFileReference; fileEncoding = 4; lastKnownFileType = sourcecode.c.objc; name = ORConstants.m; path = Source/ORConstants.m; sourceTree = "<group>"; };
		EF7AC17A12368C4A00A24F7B /* ORRadar.h */ = {isa = PBXFileReference; fileEncoding = 4; lastKnownFileType = sourcecode.c.h; name = ORRadar.h; path = Source/ORRadar.h; sourceTree = "<group>"; };
		EF7AC17B12368C4A00A24F7B /* ORRadar.m */ = {isa = PBXFileReference; fileEncoding = 4; lastKnownFileType = sourcecode.c.objc; name = ORRadar.m; path = Source/ORRadar.m; sourceTree = "<group>"; };
		EF7AC17C12368C4A00A24F7B /* ORServiceClient.h */ = {isa = PBXFileReference; fileEncoding = 4; lastKnownFileType = sourcecode.c.h; name = ORServiceClient.h; path = Source/ORServiceClient.h; sourceTree = "<group>"; };
		EF7AC17D12368C4A00A24F7B /* ORServiceClient.m */ = {isa = PBXFileReference; fileEncoding = 4; lastKnownFileType = sourcecode.c.objc; name = ORServiceClient.m; path = Source/ORServiceClient.m; sourceTree = "<group>"; };
		EF7AC17E12368C4A00A24F7B /* ORServiceError.h */ = {isa = PBXFileReference; fileEncoding = 4; lastKnownFileType = sourcecode.c.h; name = ORServiceError.h; path = Source/ORServiceError.h; sourceTree = "<group>"; };
		EF7AC17F12368C4A00A24F7B /* ORServiceError.m */ = {isa = PBXFileReference; fileEncoding = 4; lastKnownFileType = sourcecode.c.objc; name = ORServiceError.m; path = Source/ORServiceError.m; sourceTree = "<group>"; };
		EF7AC18012368C4A00A24F7B /* ORServiceRequest.h */ = {isa = PBXFileReference; fileEncoding = 4; lastKnownFileType = sourcecode.c.h; name = ORServiceRequest.h; path = Source/ORServiceRequest.h; sourceTree = "<group>"; };
		EF7AC18112368C4A00A24F7B /* ORServiceRequest.m */ = {isa = PBXFileReference; fileEncoding = 4; lastKnownFileType = sourcecode.c.objc; name = ORServiceRequest.m; path = Source/ORServiceRequest.m; sourceTree = "<group>"; };
		EF7AC19F12368D9A00A24F7B /* ORServiceClientTestCase.h */ = {isa = PBXFileReference; fileEncoding = 4; lastKnownFileType = sourcecode.c.h; path = ORServiceClientTestCase.h; sourceTree = "<group>"; };
		EF7AC1A012368D9A00A24F7B /* ORServiceClientTestCase.m */ = {isa = PBXFileReference; fileEncoding = 4; lastKnownFileType = sourcecode.c.objc; path = ORServiceClientTestCase.m; sourceTree = "<group>"; };
		EF864A201236E67A00BADF42 /* JSON.h */ = {isa = PBXFileReference; fileEncoding = 4; lastKnownFileType = sourcecode.c.h; path = JSON.h; sourceTree = "<group>"; };
		EF864A211236E67A00BADF42 /* NSObject+SBJSON.h */ = {isa = PBXFileReference; fileEncoding = 4; lastKnownFileType = sourcecode.c.h; path = "NSObject+SBJSON.h"; sourceTree = "<group>"; };
		EF864A221236E67A00BADF42 /* NSObject+SBJSON.m */ = {isa = PBXFileReference; fileEncoding = 4; lastKnownFileType = sourcecode.c.objc; path = "NSObject+SBJSON.m"; sourceTree = "<group>"; };
		EF864A231236E67A00BADF42 /* NSString+SBJSON.h */ = {isa = PBXFileReference; fileEncoding = 4; lastKnownFileType = sourcecode.c.h; path = "NSString+SBJSON.h"; sourceTree = "<group>"; };
		EF864A241236E67A00BADF42 /* NSString+SBJSON.m */ = {isa = PBXFileReference; fileEncoding = 4; lastKnownFileType = sourcecode.c.objc; path = "NSString+SBJSON.m"; sourceTree = "<group>"; };
		EF864A251236E67A00BADF42 /* SBJsonBase.h */ = {isa = PBXFileReference; fileEncoding = 4; lastKnownFileType = sourcecode.c.h; path = SBJsonBase.h; sourceTree = "<group>"; };
		EF864A261236E67A00BADF42 /* SBJsonBase.m */ = {isa = PBXFileReference; fileEncoding = 4; lastKnownFileType = sourcecode.c.objc; path = SBJsonBase.m; sourceTree = "<group>"; };
		EF864A271236E67A00BADF42 /* SBJsonParser.h */ = {isa = PBXFileReference; fileEncoding = 4; lastKnownFileType = sourcecode.c.h; path = SBJsonParser.h; sourceTree = "<group>"; };
		EF864A281236E67A00BADF42 /* SBJsonParser.m */ = {isa = PBXFileReference; fileEncoding = 4; lastKnownFileType = sourcecode.c.objc; path = SBJsonParser.m; sourceTree = "<group>"; };
		EF864A291236E67A00BADF42 /* SBJsonWriter.h */ = {isa = PBXFileReference; fileEncoding = 4; lastKnownFileType = sourcecode.c.h; path = SBJsonWriter.h; sourceTree = "<group>"; };
		EF864A2A1236E67A00BADF42 /* SBJsonWriter.m */ = {isa = PBXFileReference; fileEncoding = 4; lastKnownFileType = sourcecode.c.objc; path = SBJsonWriter.m; sourceTree = "<group>"; };
/* End PBXFileReference section */

/* Begin PBXFrameworksBuildPhase section */
		8DC2EF560486A6940098B216 /* Frameworks */ = {
			isa = PBXFrameworksBuildPhase;
			buildActionMask = 2147483647;
			files = (
				EF51600C118E788300BBBF7A /* Foundation.framework in Frameworks */,
			);
			runOnlyForDeploymentPostprocessing = 0;
		};
		EF1640B71266ADF900EF887D /* Frameworks */ = {
			isa = PBXFrameworksBuildPhase;
			buildActionMask = 2147483647;
			files = (
			);
			runOnlyForDeploymentPostprocessing = 0;
		};
		EF4A58D412FCFCA600074072 /* Frameworks */ = {
			isa = PBXFrameworksBuildPhase;
			buildActionMask = 2147483647;
			files = (
				EF4A58E112FCFD1900074072 /* GHUnit.framework in Frameworks */,
				EF4A590212FCFF7C00074072 /* OpenRadar.framework in Frameworks */,
			);
			runOnlyForDeploymentPostprocessing = 0;
		};
/* End PBXFrameworksBuildPhase section */

/* Begin PBXGroup section */
		034768DFFF38A50411DB9C8B /* Products */ = {
			isa = PBXGroup;
			children = (
				8DC2EF5B0486A6940098B216 /* OpenRadar.framework */,
				EF1640B91266ADF900EF887D /* libopenradar.a */,
				EF4A58D612FCFCA600074072 /* OpenRadarGHUnitTests.app */,
			);
			name = Products;
			sourceTree = "<group>";
		};
		0867D691FE84028FC02AAC07 /* OpenRadar */ = {
			isa = PBXGroup;
			children = (
				08FB77AEFE84172EC02AAC07 /* Classes */,
				EF515DA0118E34A100BBBF7A /* Configurations */,
				32C88DFF0371C24200C91783 /* Other Sources */,
				089C1665FE841158C02AAC07 /* Resources */,
				0867D69AFE84028FC02AAC07 /* External Frameworks and Libraries */,
				EF4A58B912FCF96F00074072 /* External Projects */,
				034768DFFF38A50411DB9C8B /* Products */,
				EF7AC19E12368D9A00A24F7B /* Tests */,
				EF4A58D812FCFCA600074072 /* OpenRadarGHUnitTests-Info.plist */,
			);
			name = OpenRadar;
			sourceTree = "<group>";
		};
		0867D69AFE84028FC02AAC07 /* External Frameworks and Libraries */ = {
			isa = PBXGroup;
			children = (
				1058C7B0FEA5585E11CA2CBB /* Linked Frameworks */,
				1058C7B2FEA5585E11CA2CBB /* Other Frameworks */,
			);
			name = "External Frameworks and Libraries";
			sourceTree = "<group>";
		};
		089C1665FE841158C02AAC07 /* Resources */ = {
			isa = PBXGroup;
			children = (
				EF7AC16512368BB000A24F7B /* Info.plist */,
				EF7AC16112368BB000A24F7B /* InfoPlist.strings */,
				EF7AC16312368BB000A24F7B /* Localizable.strings */,
			);
			name = Resources;
			sourceTree = "<group>";
		};
		08FB77AEFE84172EC02AAC07 /* Classes */ = {
			isa = PBXGroup;
			children = (
				EF864A1F1236E67A00BADF42 /* JSON */,
				EF5161C8118E8A4B00BBBF7A /* Models */,
				EF29F87411B8B08E0063FBBD /* Service */,
				EF7AC17512368C4A00A24F7B /* OpenRadar.h */,
				EF7AC17812368C4A00A24F7B /* ORConstants.h */,
				EF7AC17912368C4A00A24F7B /* ORConstants.m */,
			);
			name = Classes;
			sourceTree = "<group>";
		};
		1058C7B0FEA5585E11CA2CBB /* Linked Frameworks */ = {
			isa = PBXGroup;
			children = (
				EF51600B118E788300BBBF7A /* Foundation.framework */,
			);
			name = "Linked Frameworks";
			sourceTree = "<group>";
		};
		1058C7B2FEA5585E11CA2CBB /* Other Frameworks */ = {
			isa = PBXGroup;
			children = (
			);
			name = "Other Frameworks";
			sourceTree = "<group>";
		};
		32C88DFF0371C24200C91783 /* Other Sources */ = {
			isa = PBXGroup;
			children = (
				EF7AC16B12368BEB00A24F7B /* OpenRadar_Prefix.pch */,
			);
			name = "Other Sources";
			sourceTree = "<group>";
		};
		EF29F87411B8B08E0063FBBD /* Service */ = {
			isa = PBXGroup;
			children = (
				EF7AC17C12368C4A00A24F7B /* ORServiceClient.h */,
				EF7AC17D12368C4A00A24F7B /* ORServiceClient.m */,
				EF7AC17E12368C4A00A24F7B /* ORServiceError.h */,
				EF7AC17F12368C4A00A24F7B /* ORServiceError.m */,
				EF7AC18012368C4A00A24F7B /* ORServiceRequest.h */,
				EF7AC18112368C4A00A24F7B /* ORServiceRequest.m */,
				EF7AC16D12368C2600A24F7B /* LPServiceClient.h */,
				EF7AC16E12368C2600A24F7B /* LPServiceClient.m */,
				EF7AC16F12368C2600A24F7B /* LPServiceRequest.h */,
				EF7AC17012368C2600A24F7B /* LPServiceRequest.m */,
			);
			name = Service;
			sourceTree = "<group>";
		};
		EF4A58B912FCF96F00074072 /* External Projects */ = {
			isa = PBXGroup;
			children = (
				EF4A58BE12FCFAE300074072 /* GHUnit.xcodeproj */,
			);
			name = "External Projects";
			sourceTree = "<group>";
		};
		EF4A58BF12FCFAE300074072 /* Products */ = {
			isa = PBXGroup;
			children = (
				EF4A58C812FCFAE300074072 /* GHUnit.framework */,
				EF4A58CA12FCFAE300074072 /* Tests.app */,
			);
			name = Products;
			sourceTree = "<group>";
		};
		EF515DA0118E34A100BBBF7A /* Configurations */ = {
			isa = PBXGroup;
			children = (
				EF515DA1118E34A100BBBF7A /* Common.xcconfig */,
				EF515DA2118E34A100BBBF7A /* Debug.xcconfig */,
				EF515DA3118E34A100BBBF7A /* Release.xcconfig */,
			);
			path = Configurations;
			sourceTree = "<group>";
		};
		EF5161C8118E8A4B00BBBF7A /* Models */ = {
			isa = PBXGroup;
			children = (
				EF7AC17612368C4A00A24F7B /* ORComment.h */,
				EF7AC17712368C4A00A24F7B /* ORComment.m */,
				EF7AC17A12368C4A00A24F7B /* ORRadar.h */,
				EF7AC17B12368C4A00A24F7B /* ORRadar.m */,
			);
			name = Models;
			sourceTree = "<group>";
		};
		EF7AC19E12368D9A00A24F7B /* Tests */ = {
			isa = PBXGroup;
			children = (
				EF4A58E812FCFEBD00074072 /* GHUnitTestMain.m */,
				EF7AC19F12368D9A00A24F7B /* ORServiceClientTestCase.h */,
				EF7AC1A012368D9A00A24F7B /* ORServiceClientTestCase.m */,
			);
			name = Tests;
			path = Source/Tests;
			sourceTree = "<group>";
		};
		EF864A1F1236E67A00BADF42 /* JSON */ = {
			isa = PBXGroup;
			children = (
				EF864A201236E67A00BADF42 /* JSON.h */,
				EF864A211236E67A00BADF42 /* NSObject+SBJSON.h */,
				EF864A221236E67A00BADF42 /* NSObject+SBJSON.m */,
				EF864A231236E67A00BADF42 /* NSString+SBJSON.h */,
				EF864A241236E67A00BADF42 /* NSString+SBJSON.m */,
				EF864A251236E67A00BADF42 /* SBJsonBase.h */,
				EF864A261236E67A00BADF42 /* SBJsonBase.m */,
				EF864A271236E67A00BADF42 /* SBJsonParser.h */,
				EF864A281236E67A00BADF42 /* SBJsonParser.m */,
				EF864A291236E67A00BADF42 /* SBJsonWriter.h */,
				EF864A2A1236E67A00BADF42 /* SBJsonWriter.m */,
			);
			name = JSON;
			path = Source/JSON;
			sourceTree = "<group>";
		};
/* End PBXGroup section */

/* Begin PBXHeadersBuildPhase section */
		8DC2EF500486A6940098B216 /* Headers */ = {
			isa = PBXHeadersBuildPhase;
			buildActionMask = 2147483647;
			files = (
				EF7AC17112368C2600A24F7B /* LPServiceClient.h in Headers */,
				EF7AC17312368C2600A24F7B /* LPServiceRequest.h in Headers */,
				EF7AC18212368C4A00A24F7B /* OpenRadar.h in Headers */,
				EF7AC18312368C4A00A24F7B /* ORComment.h in Headers */,
				EF7AC18512368C4A00A24F7B /* ORConstants.h in Headers */,
				EF7AC18712368C4A00A24F7B /* ORRadar.h in Headers */,
				EF7AC18912368C4A00A24F7B /* ORServiceClient.h in Headers */,
				EF7AC18B12368C4A00A24F7B /* ORServiceError.h in Headers */,
				EF7AC18D12368C4A00A24F7B /* ORServiceRequest.h in Headers */,
				EF864A2B1236E67A00BADF42 /* JSON.h in Headers */,
				EF864A2C1236E67A00BADF42 /* NSObject+SBJSON.h in Headers */,
				EF864A2E1236E67A00BADF42 /* NSString+SBJSON.h in Headers */,
				EF864A301236E67A00BADF42 /* SBJsonBase.h in Headers */,
				EF864A321236E67A00BADF42 /* SBJsonParser.h in Headers */,
				EF864A341236E67A00BADF42 /* SBJsonWriter.h in Headers */,
			);
			runOnlyForDeploymentPostprocessing = 0;
		};
		EF1640B51266ADF900EF887D /* Headers */ = {
			isa = PBXHeadersBuildPhase;
			buildActionMask = 2147483647;
			files = (
				EF1640CA1266AE6F00EF887D /* LPServiceClient.h in Headers */,
				EF1640CB1266AE6F00EF887D /* LPServiceRequest.h in Headers */,
				EF1640CC1266AE6F00EF887D /* OpenRadar.h in Headers */,
				EF1640CD1266AE6F00EF887D /* ORComment.h in Headers */,
				EF1640CE1266AE6F00EF887D /* ORConstants.h in Headers */,
				EF1640CF1266AE6F00EF887D /* ORRadar.h in Headers */,
				EF1640D01266AE6F00EF887D /* ORServiceClient.h in Headers */,
				EF1640D11266AE6F00EF887D /* ORServiceError.h in Headers */,
				EF1640D21266AE6F00EF887D /* ORServiceRequest.h in Headers */,
				EF1640D31266AE6F00EF887D /* JSON.h in Headers */,
				EF1640D41266AE6F00EF887D /* NSObject+SBJSON.h in Headers */,
				EF1640D51266AE6F00EF887D /* NSString+SBJSON.h in Headers */,
				EF1640D61266AE6F00EF887D /* SBJsonBase.h in Headers */,
				EF1640D71266AE6F00EF887D /* SBJsonParser.h in Headers */,
				EF1640D81266AE6F00EF887D /* SBJsonWriter.h in Headers */,
			);
			runOnlyForDeploymentPostprocessing = 0;
		};
/* End PBXHeadersBuildPhase section */

/* Begin PBXNativeTarget section */
		8DC2EF4F0486A6940098B216 /* OpenRadar */ = {
			isa = PBXNativeTarget;
			buildConfigurationList = 1DEB91AD08733DA50010E9CD /* Build configuration list for PBXNativeTarget "OpenRadar" */;
			buildPhases = (
				8DC2EF500486A6940098B216 /* Headers */,
				8DC2EF520486A6940098B216 /* Resources */,
				8DC2EF540486A6940098B216 /* Sources */,
				8DC2EF560486A6940098B216 /* Frameworks */,
			);
			buildRules = (
			);
			dependencies = (
			);
			name = OpenRadar;
			productInstallPath = "$(HOME)/Library/Frameworks";
			productName = OpenRadar;
			productReference = 8DC2EF5B0486A6940098B216 /* OpenRadar.framework */;
			productType = "com.apple.product-type.framework";
		};
		EF1640B81266ADF900EF887D /* openradar */ = {
			isa = PBXNativeTarget;
			buildConfigurationList = EF1640DB1266AEB800EF887D /* Build configuration list for PBXNativeTarget "openradar" */;
			buildPhases = (
				EF1640B51266ADF900EF887D /* Headers */,
				EF1640B61266ADF900EF887D /* Sources */,
				EF1640B71266ADF900EF887D /* Frameworks */,
			);
			buildRules = (
			);
			dependencies = (
			);
			name = openradar;
			productName = libopenradar;
			productReference = EF1640B91266ADF900EF887D /* libopenradar.a */;
			productType = "com.apple.product-type.library.static";
		};
		EF4A58D512FCFCA600074072 /* OpenRadarGHUnitTests */ = {
			isa = PBXNativeTarget;
			buildConfigurationList = EF4A58DB12FCFCA700074072 /* Build configuration list for PBXNativeTarget "OpenRadarGHUnitTests" */;
			buildPhases = (
				EF4A58D212FCFCA600074072 /* Resources */,
				EF4A58D312FCFCA600074072 /* Sources */,
				EF4A58D412FCFCA600074072 /* Frameworks */,
				EF4A58E412FCFD2200074072 /* Copy Frameworks */,
			);
			buildRules = (
			);
			dependencies = (
				EF4A58DD12FCFCB900074072 /* PBXTargetDependency */,
				EF4A590012FCFF7000074072 /* PBXTargetDependency */,
			);
			name = OpenRadarGHUnitTests;
			productName = OpenRadarGHUnitTests;
			productReference = EF4A58D612FCFCA600074072 /* OpenRadarGHUnitTests.app */;
			productType = "com.apple.product-type.application";
		};
/* End PBXNativeTarget section */

/* Begin PBXProject section */
		0867D690FE84028FC02AAC07 /* Project object */ = {
			isa = PBXProject;
			attributes = {
				ORGANIZATIONNAME = "Luna Park";
			};
			buildConfigurationList = 1DEB91B108733DA50010E9CD /* Build configuration list for PBXProject "OpenRadar" */;
			compatibilityVersion = "Xcode 3.1";
			developmentRegion = English;
			hasScannedForEncodings = 1;
			knownRegions = (
				English,
				Japanese,
				French,
				German,
			);
			mainGroup = 0867D691FE84028FC02AAC07 /* OpenRadar */;
			productRefGroup = 034768DFFF38A50411DB9C8B /* Products */;
			projectDirPath = "";
			projectReferences = (
				{
					ProductGroup = EF4A58BF12FCFAE300074072 /* Products */;
					ProjectRef = EF4A58BE12FCFAE300074072 /* GHUnit.xcodeproj */;
				},
			);
			projectRoot = "";
			targets = (
				8DC2EF4F0486A6940098B216 /* OpenRadar */,
				EF1640B81266ADF900EF887D /* openradar */,
				EF4A58D512FCFCA600074072 /* OpenRadarGHUnitTests */,
			);
		};
/* End PBXProject section */

/* Begin PBXReferenceProxy section */
		EF4A58C812FCFAE300074072 /* GHUnit.framework */ = {
			isa = PBXReferenceProxy;
			fileType = wrapper.framework;
			path = GHUnit.framework;
			remoteRef = EF4A58C712FCFAE300074072 /* PBXContainerItemProxy */;
			sourceTree = BUILT_PRODUCTS_DIR;
		};
		EF4A58CA12FCFAE300074072 /* Tests.app */ = {
			isa = PBXReferenceProxy;
			fileType = wrapper.application;
			path = Tests.app;
			remoteRef = EF4A58C912FCFAE300074072 /* PBXContainerItemProxy */;
			sourceTree = BUILT_PRODUCTS_DIR;
		};
/* End PBXReferenceProxy section */

/* Begin PBXResourcesBuildPhase section */
		8DC2EF520486A6940098B216 /* Resources */ = {
			isa = PBXResourcesBuildPhase;
			buildActionMask = 2147483647;
			files = (
				EF7AC16712368BB000A24F7B /* InfoPlist.strings in Resources */,
				EF7AC16812368BB000A24F7B /* Localizable.strings in Resources */,
			);
			runOnlyForDeploymentPostprocessing = 0;
		};
		EF4A58D212FCFCA600074072 /* Resources */ = {
			isa = PBXResourcesBuildPhase;
			buildActionMask = 2147483647;
			files = (
			);
			runOnlyForDeploymentPostprocessing = 0;
		};
/* End PBXResourcesBuildPhase section */

/* Begin PBXSourcesBuildPhase section */
		8DC2EF540486A6940098B216 /* Sources */ = {
			isa = PBXSourcesBuildPhase;
			buildActionMask = 2147483647;
			files = (
				EF7AC17212368C2600A24F7B /* LPServiceClient.m in Sources */,
				EF7AC17412368C2600A24F7B /* LPServiceRequest.m in Sources */,
				EF7AC18412368C4A00A24F7B /* ORComment.m in Sources */,
				EF7AC18612368C4A00A24F7B /* ORConstants.m in Sources */,
				EF7AC18812368C4A00A24F7B /* ORRadar.m in Sources */,
				EF7AC18A12368C4A00A24F7B /* ORServiceClient.m in Sources */,
				EF7AC18C12368C4A00A24F7B /* ORServiceError.m in Sources */,
				EF7AC18E12368C4A00A24F7B /* ORServiceRequest.m in Sources */,
				EF864A2D1236E67A00BADF42 /* NSObject+SBJSON.m in Sources */,
				EF864A2F1236E67A00BADF42 /* NSString+SBJSON.m in Sources */,
				EF864A311236E67A00BADF42 /* SBJsonBase.m in Sources */,
				EF864A331236E67A00BADF42 /* SBJsonParser.m in Sources */,
				EF864A351236E67A00BADF42 /* SBJsonWriter.m in Sources */,
			);
			runOnlyForDeploymentPostprocessing = 0;
		};
		EF1640B61266ADF900EF887D /* Sources */ = {
			isa = PBXSourcesBuildPhase;
			buildActionMask = 2147483647;
			files = (
				EF1640BC1266AE5D00EF887D /* LPServiceClient.m in Sources */,
				EF1640BD1266AE5D00EF887D /* LPServiceRequest.m in Sources */,
				EF1640BE1266AE5D00EF887D /* ORComment.m in Sources */,
				EF1640BF1266AE5D00EF887D /* ORConstants.m in Sources */,
				EF1640C01266AE5D00EF887D /* ORRadar.m in Sources */,
				EF1640C11266AE5D00EF887D /* ORServiceClient.m in Sources */,
				EF1640C21266AE5D00EF887D /* ORServiceError.m in Sources */,
				EF1640C31266AE5D00EF887D /* ORServiceRequest.m in Sources */,
				EF1640C41266AE5D00EF887D /* NSObject+SBJSON.m in Sources */,
				EF1640C51266AE5D00EF887D /* NSString+SBJSON.m in Sources */,
				EF1640C61266AE5D00EF887D /* SBJsonBase.m in Sources */,
				EF1640C71266AE5D00EF887D /* SBJsonParser.m in Sources */,
				EF1640C81266AE5D00EF887D /* SBJsonWriter.m in Sources */,
			);
			runOnlyForDeploymentPostprocessing = 0;
		};
		EF4A58D312FCFCA600074072 /* Sources */ = {
			isa = PBXSourcesBuildPhase;
			buildActionMask = 2147483647;
			files = (
				EF4A58E912FCFEBD00074072 /* GHUnitTestMain.m in Sources */,
				EF4A58EB12FCFEF000074072 /* ORServiceClientTestCase.m in Sources */,
			);
			runOnlyForDeploymentPostprocessing = 0;
		};
/* End PBXSourcesBuildPhase section */

/* Begin PBXTargetDependency section */
		EF4A58DD12FCFCB900074072 /* PBXTargetDependency */ = {
			isa = PBXTargetDependency;
			name = GHUnit;
			targetProxy = EF4A58DC12FCFCB900074072 /* PBXContainerItemProxy */;
		};
		EF4A590012FCFF7000074072 /* PBXTargetDependency */ = {
			isa = PBXTargetDependency;
			target = 8DC2EF4F0486A6940098B216 /* OpenRadar */;
			targetProxy = EF4A58FF12FCFF7000074072 /* PBXContainerItemProxy */;
		};
/* End PBXTargetDependency section */

/* Begin PBXVariantGroup section */
		EF7AC16112368BB000A24F7B /* InfoPlist.strings */ = {
			isa = PBXVariantGroup;
			children = (
				EF7AC16212368BB000A24F7B /* English */,
			);
			name = InfoPlist.strings;
			path = Resources/English.lproj;
			sourceTree = "<group>";
		};
		EF7AC16312368BB000A24F7B /* Localizable.strings */ = {
			isa = PBXVariantGroup;
			children = (
				EF7AC16412368BB000A24F7B /* English */,
			);
			name = Localizable.strings;
			path = Resources/English.lproj;
			sourceTree = "<group>";
		};
/* End PBXVariantGroup section */

/* Begin XCBuildConfiguration section */
		1DEB91AE08733DA50010E9CD /* Debug */ = {
			isa = XCBuildConfiguration;
			buildSettings = {
				ALWAYS_SEARCH_USER_PATHS = NO;
				COPY_PHASE_STRIP = NO;
				DYLIB_COMPATIBILITY_VERSION = 1;
				DYLIB_CURRENT_VERSION = 1;
				FRAMEWORK_VERSION = A;
				GCC_DYNAMIC_NO_PIC = NO;
				GCC_ENABLE_FIX_AND_CONTINUE = YES;
				GCC_MODEL_TUNING = G5;
				GCC_OPTIMIZATION_LEVEL = 0;
				GCC_PRECOMPILE_PREFIX_HEADER = YES;
				GCC_PREFIX_HEADER = Source/OpenRadar_Prefix.pch;
				GCC_VERSION = com.apple.compilers.llvm.clang.1_0;
				INFOPLIST_FILE = Resources/Info.plist;
				INSTALL_PATH = "@loader_path/../Frameworks";
				PRODUCT_NAME = OpenRadar;
				WRAPPER_EXTENSION = framework;
			};
			name = Debug;
		};
		1DEB91AF08733DA50010E9CD /* Release */ = {
			isa = XCBuildConfiguration;
			buildSettings = {
				ALWAYS_SEARCH_USER_PATHS = NO;
				DEBUG_INFORMATION_FORMAT = "dwarf-with-dsym";
				DYLIB_COMPATIBILITY_VERSION = 1;
				DYLIB_CURRENT_VERSION = 1;
				FRAMEWORK_VERSION = A;
				GCC_MODEL_TUNING = G5;
				GCC_PRECOMPILE_PREFIX_HEADER = YES;
				GCC_PREFIX_HEADER = Source/OpenRadar_Prefix.pch;
				GCC_VERSION = com.apple.compilers.llvm.clang.1_0;
				INFOPLIST_FILE = Resources/Info.plist;
				INSTALL_PATH = "@loader_path/../Frameworks";
				PRODUCT_NAME = OpenRadar;
				WRAPPER_EXTENSION = framework;
			};
			name = Release;
		};
		1DEB91B208733DA50010E9CD /* Debug */ = {
			isa = XCBuildConfiguration;
			buildSettings = {
				ARCHS = "$(ARCHS_STANDARD_32_64_BIT)";
				GCC_C_LANGUAGE_STANDARD = gnu99;
				GCC_OPTIMIZATION_LEVEL = 0;
				GCC_VERSION = com.apple.compilers.llvm.clang.1_0;
				GCC_WARN_ABOUT_RETURN_TYPE = YES;
				GCC_WARN_UNUSED_VARIABLE = YES;
				ONLY_ACTIVE_ARCH = YES;
				PREBINDING = NO;
				SDKROOT = macosx10.5;
			};
			name = Debug;
		};
		1DEB91B308733DA50010E9CD /* Release */ = {
			isa = XCBuildConfiguration;
			buildSettings = {
				ARCHS = "$(ARCHS_STANDARD_32_64_BIT)";
				GCC_C_LANGUAGE_STANDARD = gnu99;
				GCC_VERSION = com.apple.compilers.llvm.clang.1_0;
				GCC_WARN_ABOUT_RETURN_TYPE = YES;
				GCC_WARN_UNUSED_VARIABLE = YES;
				PREBINDING = NO;
				SDKROOT = macosx10.5;
			};
			name = Release;
		};
		EF1640BA1266ADF900EF887D /* Debug */ = {
			isa = XCBuildConfiguration;
			buildSettings = {
				ALWAYS_SEARCH_USER_PATHS = NO;
				COPY_PHASE_STRIP = NO;
				GCC_DYNAMIC_NO_PIC = NO;
				GCC_OPTIMIZATION_LEVEL = 0;
				ONLY_ACTIVE_ARCH = NO;
				PREBINDING = NO;
				PRIVATE_HEADERS_FOLDER_PATH = /usr/local/include/openradar;
				PRODUCT_NAME = openradar;
				PUBLIC_HEADERS_FOLDER_PATH = /usr/local/include/openradar;
				SDKROOT = iphoneos3.2;
				TARGETED_DEVICE_FAMILY = "1,2";
			};
			name = Debug;
		};
		EF1640BB1266ADF900EF887D /* Release */ = {
			isa = XCBuildConfiguration;
			buildSettings = {
				ALWAYS_SEARCH_USER_PATHS = NO;
				COPY_PHASE_STRIP = YES;
				DEBUG_INFORMATION_FORMAT = "dwarf-with-dsym";
				GCC_ENABLE_FIX_AND_CONTINUE = NO;
				PREBINDING = NO;
				PRIVATE_HEADERS_FOLDER_PATH = /usr/local/include/openradar;
				PRODUCT_NAME = openradar;
				PUBLIC_HEADERS_FOLDER_PATH = /usr/local/include/openradar;
				SDKROOT = iphoneos3.2;
				TARGETED_DEVICE_FAMILY = "1,2";
				ZERO_LINK = NO;
			};
			name = Release;
		};
		EF4A58D912FCFCA700074072 /* Debug */ = {
			isa = XCBuildConfiguration;
			buildSettings = {
				ALWAYS_SEARCH_USER_PATHS = NO;
				COPY_PHASE_STRIP = NO;
				GCC_DYNAMIC_NO_PIC = NO;
				GCC_ENABLE_FIX_AND_CONTINUE = YES;
				GCC_MODEL_TUNING = G5;
				GCC_OPTIMIZATION_LEVEL = 0;
				GCC_PRECOMPILE_PREFIX_HEADER = YES;
				GCC_PREFIX_HEADER = "$(SYSTEM_LIBRARY_DIR)/Frameworks/AppKit.framework/Headers/AppKit.h";
				INFOPLIST_FILE = "OpenRadarGHUnitTests-Info.plist";
				INSTALL_PATH = "$(HOME)/Applications";
				LD_RUNPATH_SEARCH_PATHS = "$(CONTENTS_FOLDER_PATH)/Frameworks";
				OTHER_LDFLAGS = (
					"-framework",
					Foundation,
					"-framework",
					AppKit,
				);
				PREBINDING = NO;
				PRODUCT_NAME = OpenRadarGHUnitTests;
			};
			name = Debug;
		};
		EF4A58DA12FCFCA700074072 /* Release */ = {
			isa = XCBuildConfiguration;
			buildSettings = {
				ALWAYS_SEARCH_USER_PATHS = NO;
				COPY_PHASE_STRIP = YES;
				DEBUG_INFORMATION_FORMAT = "dwarf-with-dsym";
				GCC_ENABLE_FIX_AND_CONTINUE = NO;
				GCC_MODEL_TUNING = G5;
				GCC_PRECOMPILE_PREFIX_HEADER = YES;
				GCC_PREFIX_HEADER = "$(SYSTEM_LIBRARY_DIR)/Frameworks/AppKit.framework/Headers/AppKit.h";
				INFOPLIST_FILE = "OpenRadarGHUnitTests-Info.plist";
				INSTALL_PATH = "$(HOME)/Applications";
				LD_RUNPATH_SEARCH_PATHS = "$(CONTENTS_FOLDER_PATH)/Frameworks";
				OTHER_LDFLAGS = (
					"-framework",
					Foundation,
					"-framework",
					AppKit,
				);
				PREBINDING = NO;
				PRODUCT_NAME = OpenRadarGHUnitTests;
				ZERO_LINK = NO;
			};
			name = Release;
		};
/* End XCBuildConfiguration section */

/* Begin XCConfigurationList section */
		1DEB91AD08733DA50010E9CD /* Build configuration list for PBXNativeTarget "OpenRadar" */ = {
			isa = XCConfigurationList;
			buildConfigurations = (
				1DEB91AE08733DA50010E9CD /* Debug */,
				1DEB91AF08733DA50010E9CD /* Release */,
			);
			defaultConfigurationIsVisible = 0;
			defaultConfigurationName = Release;
		};
		1DEB91B108733DA50010E9CD /* Build configuration list for PBXProject "OpenRadar" */ = {
			isa = XCConfigurationList;
			buildConfigurations = (
				1DEB91B208733DA50010E9CD /* Debug */,
				1DEB91B308733DA50010E9CD /* Release */,
			);
			defaultConfigurationIsVisible = 0;
			defaultConfigurationName = Release;
		};
		EF1640DB1266AEB800EF887D /* Build configuration list for PBXNativeTarget "openradar" */ = {
			isa = XCConfigurationList;
			buildConfigurations = (
				EF1640BA1266ADF900EF887D /* Debug */,
				EF1640BB1266ADF900EF887D /* Release */,
			);
			defaultConfigurationIsVisible = 0;
			defaultConfigurationName = Release;
		};
		EF4A58DB12FCFCA700074072 /* Build configuration list for PBXNativeTarget "OpenRadarGHUnitTests" */ = {
			isa = XCConfigurationList;
			buildConfigurations = (
				EF4A58D912FCFCA700074072 /* Debug */,
				EF4A58DA12FCFCA700074072 /* Release */,
			);
			defaultConfigurationIsVisible = 0;
			defaultConfigurationName = Release;
		};
/* End XCConfigurationList section */
	};
	rootObject = 0867D690FE84028FC02AAC07 /* Project object */;
}
